// !$*UTF8*$!
{
	archiveVersion = 1;
	classes = {
	};
	objectVersion = 46;
	objects = {

/* Begin PBXBuildFile section */
		42929924A413852BFBDB79CA /* libPods-TFLive.a in Frameworks */ = {isa = PBXBuildFile; fileRef = AE4F4018B0B890C1201AB34D /* libPods-TFLive.a */; };
		899BC6CB1F0682630061F6A8 /* libavcodec.a in Frameworks */ = {isa = PBXBuildFile; fileRef = 899BC6C51F0682630061F6A8 /* libavcodec.a */; };
		899BC6CC1F0682630061F6A8 /* libavfilter.a in Frameworks */ = {isa = PBXBuildFile; fileRef = 899BC6C61F0682630061F6A8 /* libavfilter.a */; };
		899BC6CD1F0682630061F6A8 /* libavformat.a in Frameworks */ = {isa = PBXBuildFile; fileRef = 899BC6C71F0682630061F6A8 /* libavformat.a */; };
		899BC6CE1F0682630061F6A8 /* libavutil.a in Frameworks */ = {isa = PBXBuildFile; fileRef = 899BC6C81F0682630061F6A8 /* libavutil.a */; };
		899BC6CF1F0682630061F6A8 /* libswresample.a in Frameworks */ = {isa = PBXBuildFile; fileRef = 899BC6C91F0682630061F6A8 /* libswresample.a */; };
		899BC6D01F0682630061F6A8 /* libswscale.a in Frameworks */ = {isa = PBXBuildFile; fileRef = 899BC6CA1F0682630061F6A8 /* libswscale.a */; };
		DFEFF5131F0499C1000043EE /* libz.tbd in Frameworks */ = {isa = PBXBuildFile; fileRef = DFEFF5121F0499C1000043EE /* libz.tbd */; };
		DFEFF5151F050821000043EE /* AVFoundation.framework in Frameworks */ = {isa = PBXBuildFile; fileRef = DFEFF5141F050820000043EE /* AVFoundation.framework */; };
		DFEFF5171F050829000043EE /* CoreGraphics.framework in Frameworks */ = {isa = PBXBuildFile; fileRef = DFEFF5161F050829000043EE /* CoreGraphics.framework */; };
		DFEFF5191F050831000043EE /* CoreMedia.framework in Frameworks */ = {isa = PBXBuildFile; fileRef = DFEFF5181F050831000043EE /* CoreMedia.framework */; };
		DFEFF51B1F050837000043EE /* CoreVideo.framework in Frameworks */ = {isa = PBXBuildFile; fileRef = DFEFF51A1F050837000043EE /* CoreVideo.framework */; };
		DFEFF51D1F05083E000043EE /* MobileCoreServices.framework in Frameworks */ = {isa = PBXBuildFile; fileRef = DFEFF51C1F05083E000043EE /* MobileCoreServices.framework */; };
		DFEFF51F1F050846000043EE /* OpenGLES.framework in Frameworks */ = {isa = PBXBuildFile; fileRef = DFEFF51E1F050846000043EE /* OpenGLES.framework */; };
		DFEFF5211F05084C000043EE /* MediaPlayer.framework in Frameworks */ = {isa = PBXBuildFile; fileRef = DFEFF5201F05084C000043EE /* MediaPlayer.framework */; };
		DFEFF5231F050856000043EE /* AudioToolbox.framework in Frameworks */ = {isa = PBXBuildFile; fileRef = DFEFF5221F050856000043EE /* AudioToolbox.framework */; };
		DFEFF5251F05085F000043EE /* UIKit.framework in Frameworks */ = {isa = PBXBuildFile; fileRef = DFEFF5241F05085F000043EE /* UIKit.framework */; };
		DFEFF5271F050868000043EE /* QuartzCore.framework in Frameworks */ = {isa = PBXBuildFile; fileRef = DFEFF5261F050868000043EE /* QuartzCore.framework */; };
		DFEFF5291F050885000043EE /* VideoToolbox.framework in Frameworks */ = {isa = PBXBuildFile; fileRef = DFEFF5281F050885000043EE /* VideoToolbox.framework */; };
		DFEFF52B1F050891000043EE /* libc++.tbd in Frameworks */ = {isa = PBXBuildFile; fileRef = DFEFF52A1F050891000043EE /* libc++.tbd */; };
		DFEFF52D1F05089A000043EE /* libbz2.tbd in Frameworks */ = {isa = PBXBuildFile; fileRef = DFEFF52C1F05089A000043EE /* libbz2.tbd */; };
		DFFAF70C1F03472D00AB4332 /* main.m in Sources */ = {isa = PBXBuildFile; fileRef = DFFAF70B1F03472D00AB4332 /* main.m */; };
		DFFAF70F1F03472D00AB4332 /* AppDelegate.m in Sources */ = {isa = PBXBuildFile; fileRef = DFFAF70E1F03472D00AB4332 /* AppDelegate.m */; };
		DFFAF7121F03472D00AB4332 /* ViewController.m in Sources */ = {isa = PBXBuildFile; fileRef = DFFAF7111F03472D00AB4332 /* ViewController.m */; };
		DFFAF7151F03472D00AB4332 /* Main.storyboard in Resources */ = {isa = PBXBuildFile; fileRef = DFFAF7131F03472D00AB4332 /* Main.storyboard */; };
		DFFAF7171F03472D00AB4332 /* Assets.xcassets in Resources */ = {isa = PBXBuildFile; fileRef = DFFAF7161F03472D00AB4332 /* Assets.xcassets */; };
		DFFAF71A1F03472D00AB4332 /* LaunchScreen.storyboard in Resources */ = {isa = PBXBuildFile; fileRef = DFFAF7181F03472D00AB4332 /* LaunchScreen.storyboard */; };
		DFFAF7BD1F0348B700AB4332 /* TFLivePlayController.m in Sources */ = {isa = PBXBuildFile; fileRef = DFFAF7BC1F0348B700AB4332 /* TFLivePlayController.m */; };
		DFFAF7C01F034A0200AB4332 /* TFMoviePlayViewController.m in Sources */ = {isa = PBXBuildFile; fileRef = DFFAF7BF1F034A0200AB4332 /* TFMoviePlayViewController.m */; };
		DFFAF7C21F03578300AB4332 /* TFThreadConvience.m in Sources */ = {isa = PBXBuildFile; fileRef = DFFAF7C11F03578300AB4332 /* TFThreadConvience.m */; };
		DFFD536F1F0623830000AFAB /* TFFFplayer.m in Sources */ = {isa = PBXBuildFile; fileRef = DFFD536D1F0623830000AFAB /* TFFFplayer.m */; };
		DFFD53711F06434C0000AFAB /* TFDisplay.m in Sources */ = {isa = PBXBuildFile; fileRef = DFFD53701F06434C0000AFAB /* TFDisplay.m */; };
		DFFD53751F064D960000AFAB /* TFDisplayView.m in Sources */ = {isa = PBXBuildFile; fileRef = DFFD53741F064D960000AFAB /* TFDisplayView.m */; };
/* End PBXBuildFile section */

/* Begin PBXFileReference section */
		2998CA05DAD1491D81A81BF1 /* Pods-TFLive.debug.xcconfig */ = {isa = PBXFileReference; includeInIndex = 1; lastKnownFileType = text.xcconfig; name = "Pods-TFLive.debug.xcconfig"; path = "Pods/Target Support Files/Pods-TFLive/Pods-TFLive.debug.xcconfig"; sourceTree = "<group>"; };
		5EBCE0E22FA1B591A0A86F26 /* Pods-TFLive.release.xcconfig */ = {isa = PBXFileReference; includeInIndex = 1; lastKnownFileType = text.xcconfig; name = "Pods-TFLive.release.xcconfig"; path = "Pods/Target Support Files/Pods-TFLive/Pods-TFLive.release.xcconfig"; sourceTree = "<group>"; };
		899BC6C51F0682630061F6A8 /* libavcodec.a */ = {isa = PBXFileReference; lastKnownFileType = archive.ar; name = libavcodec.a; path = ../ffmpeg_libs/lib/libavcodec.a; sourceTree = "<group>"; };
		899BC6C61F0682630061F6A8 /* libavfilter.a */ = {isa = PBXFileReference; lastKnownFileType = archive.ar; name = libavfilter.a; path = ../ffmpeg_libs/lib/libavfilter.a; sourceTree = "<group>"; };
		899BC6C71F0682630061F6A8 /* libavformat.a */ = {isa = PBXFileReference; lastKnownFileType = archive.ar; name = libavformat.a; path = ../ffmpeg_libs/lib/libavformat.a; sourceTree = "<group>"; };
		899BC6C81F0682630061F6A8 /* libavutil.a */ = {isa = PBXFileReference; lastKnownFileType = archive.ar; name = libavutil.a; path = ../ffmpeg_libs/lib/libavutil.a; sourceTree = "<group>"; };
		899BC6C91F0682630061F6A8 /* libswresample.a */ = {isa = PBXFileReference; lastKnownFileType = archive.ar; name = libswresample.a; path = ../ffmpeg_libs/lib/libswresample.a; sourceTree = "<group>"; };
		899BC6CA1F0682630061F6A8 /* libswscale.a */ = {isa = PBXFileReference; lastKnownFileType = archive.ar; name = libswscale.a; path = ../ffmpeg_libs/lib/libswscale.a; sourceTree = "<group>"; };
		AE4F4018B0B890C1201AB34D /* libPods-TFLive.a */ = {isa = PBXFileReference; explicitFileType = archive.ar; includeInIndex = 0; path = "libPods-TFLive.a"; sourceTree = BUILT_PRODUCTS_DIR; };
		DFEFF5121F0499C1000043EE /* libz.tbd */ = {isa = PBXFileReference; lastKnownFileType = "sourcecode.text-based-dylib-definition"; name = libz.tbd; path = usr/lib/libz.tbd; sourceTree = SDKROOT; };
		DFEFF5141F050820000043EE /* AVFoundation.framework */ = {isa = PBXFileReference; lastKnownFileType = wrapper.framework; name = AVFoundation.framework; path = System/Library/Frameworks/AVFoundation.framework; sourceTree = SDKROOT; };
		DFEFF5161F050829000043EE /* CoreGraphics.framework */ = {isa = PBXFileReference; lastKnownFileType = wrapper.framework; name = CoreGraphics.framework; path = System/Library/Frameworks/CoreGraphics.framework; sourceTree = SDKROOT; };
		DFEFF5181F050831000043EE /* CoreMedia.framework */ = {isa = PBXFileReference; lastKnownFileType = wrapper.framework; name = CoreMedia.framework; path = System/Library/Frameworks/CoreMedia.framework; sourceTree = SDKROOT; };
		DFEFF51A1F050837000043EE /* CoreVideo.framework */ = {isa = PBXFileReference; lastKnownFileType = wrapper.framework; name = CoreVideo.framework; path = System/Library/Frameworks/CoreVideo.framework; sourceTree = SDKROOT; };
		DFEFF51C1F05083E000043EE /* MobileCoreServices.framework */ = {isa = PBXFileReference; lastKnownFileType = wrapper.framework; name = MobileCoreServices.framework; path = System/Library/Frameworks/MobileCoreServices.framework; sourceTree = SDKROOT; };
		DFEFF51E1F050846000043EE /* OpenGLES.framework */ = {isa = PBXFileReference; lastKnownFileType = wrapper.framework; name = OpenGLES.framework; path = System/Library/Frameworks/OpenGLES.framework; sourceTree = SDKROOT; };
		DFEFF5201F05084C000043EE /* MediaPlayer.framework */ = {isa = PBXFileReference; lastKnownFileType = wrapper.framework; name = MediaPlayer.framework; path = System/Library/Frameworks/MediaPlayer.framework; sourceTree = SDKROOT; };
		DFEFF5221F050856000043EE /* AudioToolbox.framework */ = {isa = PBXFileReference; lastKnownFileType = wrapper.framework; name = AudioToolbox.framework; path = System/Library/Frameworks/AudioToolbox.framework; sourceTree = SDKROOT; };
		DFEFF5241F05085F000043EE /* UIKit.framework */ = {isa = PBXFileReference; lastKnownFileType = wrapper.framework; name = UIKit.framework; path = System/Library/Frameworks/UIKit.framework; sourceTree = SDKROOT; };
		DFEFF5261F050868000043EE /* QuartzCore.framework */ = {isa = PBXFileReference; lastKnownFileType = wrapper.framework; name = QuartzCore.framework; path = System/Library/Frameworks/QuartzCore.framework; sourceTree = SDKROOT; };
		DFEFF5281F050885000043EE /* VideoToolbox.framework */ = {isa = PBXFileReference; lastKnownFileType = wrapper.framework; name = VideoToolbox.framework; path = System/Library/Frameworks/VideoToolbox.framework; sourceTree = SDKROOT; };
		DFEFF52A1F050891000043EE /* libc++.tbd */ = {isa = PBXFileReference; lastKnownFileType = "sourcecode.text-based-dylib-definition"; name = "libc++.tbd"; path = "usr/lib/libc++.tbd"; sourceTree = SDKROOT; };
		DFEFF52C1F05089A000043EE /* libbz2.tbd */ = {isa = PBXFileReference; lastKnownFileType = "sourcecode.text-based-dylib-definition"; name = libbz2.tbd; path = usr/lib/libbz2.tbd; sourceTree = SDKROOT; };
		DFFAF7071F03472D00AB4332 /* TFLive.app */ = {isa = PBXFileReference; explicitFileType = wrapper.application; includeInIndex = 0; path = TFLive.app; sourceTree = BUILT_PRODUCTS_DIR; };
		DFFAF70B1F03472D00AB4332 /* main.m */ = {isa = PBXFileReference; lastKnownFileType = sourcecode.c.objc; path = main.m; sourceTree = "<group>"; };
		DFFAF70D1F03472D00AB4332 /* AppDelegate.h */ = {isa = PBXFileReference; lastKnownFileType = sourcecode.c.h; path = AppDelegate.h; sourceTree = "<group>"; };
		DFFAF70E1F03472D00AB4332 /* AppDelegate.m */ = {isa = PBXFileReference; lastKnownFileType = sourcecode.c.objc; path = AppDelegate.m; sourceTree = "<group>"; };
		DFFAF7101F03472D00AB4332 /* ViewController.h */ = {isa = PBXFileReference; lastKnownFileType = sourcecode.c.h; path = ViewController.h; sourceTree = "<group>"; };
		DFFAF7111F03472D00AB4332 /* ViewController.m */ = {isa = PBXFileReference; lastKnownFileType = sourcecode.c.objc; path = ViewController.m; sourceTree = "<group>"; };
		DFFAF7141F03472D00AB4332 /* Base */ = {isa = PBXFileReference; lastKnownFileType = file.storyboard; name = Base; path = Base.lproj/Main.storyboard; sourceTree = "<group>"; };
		DFFAF7161F03472D00AB4332 /* Assets.xcassets */ = {isa = PBXFileReference; lastKnownFileType = folder.assetcatalog; path = Assets.xcassets; sourceTree = "<group>"; };
		DFFAF7191F03472D00AB4332 /* Base */ = {isa = PBXFileReference; lastKnownFileType = file.storyboard; name = Base; path = Base.lproj/LaunchScreen.storyboard; sourceTree = "<group>"; };
		DFFAF71B1F03472D00AB4332 /* Info.plist */ = {isa = PBXFileReference; lastKnownFileType = text.plist.xml; path = Info.plist; sourceTree = "<group>"; };
		DFFAF7BB1F0348B700AB4332 /* TFLivePlayController.h */ = {isa = PBXFileReference; fileEncoding = 4; lastKnownFileType = sourcecode.c.h; path = TFLivePlayController.h; sourceTree = "<group>"; };
		DFFAF7BC1F0348B700AB4332 /* TFLivePlayController.m */ = {isa = PBXFileReference; fileEncoding = 4; lastKnownFileType = sourcecode.c.objc; path = TFLivePlayController.m; sourceTree = "<group>"; };
		DFFAF7BE1F034A0200AB4332 /* TFMoviePlayViewController.h */ = {isa = PBXFileReference; fileEncoding = 4; lastKnownFileType = sourcecode.c.h; path = TFMoviePlayViewController.h; sourceTree = "<group>"; };
		DFFAF7BF1F034A0200AB4332 /* TFMoviePlayViewController.m */ = {isa = PBXFileReference; fileEncoding = 4; lastKnownFileType = sourcecode.c.objc; path = TFMoviePlayViewController.m; sourceTree = "<group>"; };
		DFFAF7C11F03578300AB4332 /* TFThreadConvience.m */ = {isa = PBXFileReference; fileEncoding = 4; lastKnownFileType = sourcecode.c.objc; path = TFThreadConvience.m; sourceTree = "<group>"; };
		DFFAF7C31F03579A00AB4332 /* TFThreadConvience.h */ = {isa = PBXFileReference; lastKnownFileType = sourcecode.c.h; path = TFThreadConvience.h; sourceTree = "<group>"; };
		DFFD536D1F0623830000AFAB /* TFFFplayer.m */ = {isa = PBXFileReference; fileEncoding = 4; lastKnownFileType = sourcecode.c.objc; path = TFFFplayer.m; sourceTree = "<group>"; };
		DFFD536E1F0623830000AFAB /* TFFFplayer.h */ = {isa = PBXFileReference; fileEncoding = 4; lastKnownFileType = sourcecode.c.h; path = TFFFplayer.h; sourceTree = "<group>"; };
		DFFD53701F06434C0000AFAB /* TFDisplay.m */ = {isa = PBXFileReference; fileEncoding = 4; lastKnownFileType = sourcecode.c.objc; path = TFDisplay.m; sourceTree = "<group>"; };
		DFFD53721F06435D0000AFAB /* TFDisplay.h */ = {isa = PBXFileReference; lastKnownFileType = sourcecode.c.h; path = TFDisplay.h; sourceTree = "<group>"; };
		DFFD53731F064D960000AFAB /* TFDisplayView.h */ = {isa = PBXFileReference; fileEncoding = 4; lastKnownFileType = sourcecode.c.h; path = TFDisplayView.h; sourceTree = "<group>"; };
		DFFD53741F064D960000AFAB /* TFDisplayView.m */ = {isa = PBXFileReference; fileEncoding = 4; lastKnownFileType = sourcecode.c.objc; path = TFDisplayView.m; sourceTree = "<group>"; };
/* End PBXFileReference section */

/* Begin PBXFrameworksBuildPhase section */
		DFFAF7041F03472D00AB4332 /* Frameworks */ = {
			isa = PBXFrameworksBuildPhase;
			buildActionMask = 2147483647;
			files = (
				DFEFF52D1F05089A000043EE /* libbz2.tbd in Frameworks */,
				DFEFF52B1F050891000043EE /* libc++.tbd in Frameworks */,
				DFEFF5291F050885000043EE /* VideoToolbox.framework in Frameworks */,
				DFEFF5271F050868000043EE /* QuartzCore.framework in Frameworks */,
				DFEFF5251F05085F000043EE /* UIKit.framework in Frameworks */,
				DFEFF5231F050856000043EE /* AudioToolbox.framework in Frameworks */,
				DFEFF5211F05084C000043EE /* MediaPlayer.framework in Frameworks */,
				DFEFF51F1F050846000043EE /* OpenGLES.framework in Frameworks */,
				DFEFF51D1F05083E000043EE /* MobileCoreServices.framework in Frameworks */,
				DFEFF51B1F050837000043EE /* CoreVideo.framework in Frameworks */,
				DFEFF5191F050831000043EE /* CoreMedia.framework in Frameworks */,
				DFEFF5171F050829000043EE /* CoreGraphics.framework in Frameworks */,
				DFEFF5151F050821000043EE /* AVFoundation.framework in Frameworks */,
				DFEFF5131F0499C1000043EE /* libz.tbd in Frameworks */,
				42929924A413852BFBDB79CA /* libPods-TFLive.a in Frameworks */,
				899BC6CB1F0682630061F6A8 /* libavcodec.a in Frameworks */,
				899BC6CC1F0682630061F6A8 /* libavfilter.a in Frameworks */,
				899BC6CD1F0682630061F6A8 /* libavformat.a in Frameworks */,
				899BC6CE1F0682630061F6A8 /* libavutil.a in Frameworks */,
				899BC6CF1F0682630061F6A8 /* libswresample.a in Frameworks */,
				899BC6D01F0682630061F6A8 /* libswscale.a in Frameworks */,
			);
			runOnlyForDeploymentPostprocessing = 0;
		};
/* End PBXFrameworksBuildPhase section */

/* Begin PBXGroup section */
		0E1C2B6CC7AE8363FCE7479D /* Pods */ = {
			isa = PBXGroup;
			children = (
				2998CA05DAD1491D81A81BF1 /* Pods-TFLive.debug.xcconfig */,
				5EBCE0E22FA1B591A0A86F26 /* Pods-TFLive.release.xcconfig */,
			);
			name = Pods;
			sourceTree = "<group>";
		};
		C7F132DBA009A0755685A5DE /* Frameworks */ = {
			isa = PBXGroup;
			children = (
				899BC6C51F0682630061F6A8 /* libavcodec.a */,
				899BC6C61F0682630061F6A8 /* libavfilter.a */,
				899BC6C71F0682630061F6A8 /* libavformat.a */,
				899BC6C81F0682630061F6A8 /* libavutil.a */,
				899BC6C91F0682630061F6A8 /* libswresample.a */,
				899BC6CA1F0682630061F6A8 /* libswscale.a */,
				DFEFF52C1F05089A000043EE /* libbz2.tbd */,
				DFEFF52A1F050891000043EE /* libc++.tbd */,
				DFEFF5281F050885000043EE /* VideoToolbox.framework */,
				DFEFF5261F050868000043EE /* QuartzCore.framework */,
				DFEFF5241F05085F000043EE /* UIKit.framework */,
				DFEFF5221F050856000043EE /* AudioToolbox.framework */,
				DFEFF5201F05084C000043EE /* MediaPlayer.framework */,
				DFEFF51E1F050846000043EE /* OpenGLES.framework */,
				DFEFF51C1F05083E000043EE /* MobileCoreServices.framework */,
				DFEFF51A1F050837000043EE /* CoreVideo.framework */,
				DFEFF5181F050831000043EE /* CoreMedia.framework */,
				DFEFF5161F050829000043EE /* CoreGraphics.framework */,
				DFEFF5141F050820000043EE /* AVFoundation.framework */,
				DFEFF5121F0499C1000043EE /* libz.tbd */,
				AE4F4018B0B890C1201AB34D /* libPods-TFLive.a */,
			);
			name = Frameworks;
			sourceTree = "<group>";
		};
		DFFAF6FE1F03472D00AB4332 = {
			isa = PBXGroup;
			children = (
				DFFAF7091F03472D00AB4332 /* TFLive */,
				DFFAF7081F03472D00AB4332 /* Products */,
				0E1C2B6CC7AE8363FCE7479D /* Pods */,
				C7F132DBA009A0755685A5DE /* Frameworks */,
			);
			sourceTree = "<group>";
		};
		DFFAF7081F03472D00AB4332 /* Products */ = {
			isa = PBXGroup;
			children = (
				DFFAF7071F03472D00AB4332 /* TFLive.app */,
			);
			name = Products;
			sourceTree = "<group>";
		};
		DFFAF7091F03472D00AB4332 /* TFLive */ = {
			isa = PBXGroup;
			children = (
				DFFAF70D1F03472D00AB4332 /* AppDelegate.h */,
				DFFAF70E1F03472D00AB4332 /* AppDelegate.m */,
				DFFAF7101F03472D00AB4332 /* ViewController.h */,
				DFFAF7111F03472D00AB4332 /* ViewController.m */,
				DFFAF7BE1F034A0200AB4332 /* TFMoviePlayViewController.h */,
				DFFAF7BF1F034A0200AB4332 /* TFMoviePlayViewController.m */,
				DFFAF7131F03472D00AB4332 /* Main.storyboard */,
				DFFAF7161F03472D00AB4332 /* Assets.xcassets */,
				DFFAF7181F03472D00AB4332 /* LaunchScreen.storyboard */,
				DFFAF71B1F03472D00AB4332 /* Info.plist */,
				DFFAF70A1F03472D00AB4332 /* Supporting Files */,
				DFFAF7BB1F0348B700AB4332 /* TFLivePlayController.h */,
				DFFAF7BC1F0348B700AB4332 /* TFLivePlayController.m */,
				DFFAF7C31F03579A00AB4332 /* TFThreadConvience.h */,
				DFFAF7C11F03578300AB4332 /* TFThreadConvience.m */,
				DFFD536E1F0623830000AFAB /* TFFFplayer.h */,
				DFFD536D1F0623830000AFAB /* TFFFplayer.m */,
				DFFD53721F06435D0000AFAB /* TFDisplay.h */,
				DFFD53701F06434C0000AFAB /* TFDisplay.m */,
				DFFD53731F064D960000AFAB /* TFDisplayView.h */,
				DFFD53741F064D960000AFAB /* TFDisplayView.m */,
			);
			path = TFLive;
			sourceTree = "<group>";
		};
		DFFAF70A1F03472D00AB4332 /* Supporting Files */ = {
			isa = PBXGroup;
			children = (
				DFFAF70B1F03472D00AB4332 /* main.m */,
			);
			name = "Supporting Files";
			sourceTree = "<group>";
		};
/* End PBXGroup section */

/* Begin PBXNativeTarget section */
		DFFAF7061F03472D00AB4332 /* TFLive */ = {
			isa = PBXNativeTarget;
			buildConfigurationList = DFFAF71E1F03472D00AB4332 /* Build configuration list for PBXNativeTarget "TFLive" */;
			buildPhases = (
				69B5145990C7751B1E42081A /* [CP] Check Pods Manifest.lock */,
				DFFAF7031F03472D00AB4332 /* Sources */,
				DFFAF7041F03472D00AB4332 /* Frameworks */,
				DFFAF7051F03472D00AB4332 /* Resources */,
				ED667FFE86A20633A7398023 /* [CP] Embed Pods Frameworks */,
				3E11319FA74228571B8C3448 /* [CP] Copy Pods Resources */,
			);
			buildRules = (
			);
			dependencies = (
			);
			name = TFLive;
			productName = TFLive;
			productReference = DFFAF7071F03472D00AB4332 /* TFLive.app */;
			productType = "com.apple.product-type.application";
		};
/* End PBXNativeTarget section */

/* Begin PBXProject section */
		DFFAF6FF1F03472D00AB4332 /* Project object */ = {
			isa = PBXProject;
			attributes = {
				LastUpgradeCheck = 0830;
				ORGANIZATIONNAME = "wei shi";
				TargetAttributes = {
					DFFAF7061F03472D00AB4332 = {
						CreatedOnToolsVersion = 8.3.3;
						DevelopmentTeam = UML9BQURX9;
						ProvisioningStyle = Automatic;
					};
				};
			};
			buildConfigurationList = DFFAF7021F03472D00AB4332 /* Build configuration list for PBXProject "TFLive" */;
			compatibilityVersion = "Xcode 3.2";
			developmentRegion = English;
			hasScannedForEncodings = 0;
			knownRegions = (
				en,
				Base,
			);
			mainGroup = DFFAF6FE1F03472D00AB4332;
			productRefGroup = DFFAF7081F03472D00AB4332 /* Products */;
			projectDirPath = "";
			projectRoot = "";
			targets = (
				DFFAF7061F03472D00AB4332 /* TFLive */,
			);
		};
/* End PBXProject section */

/* Begin PBXResourcesBuildPhase section */
		DFFAF7051F03472D00AB4332 /* Resources */ = {
			isa = PBXResourcesBuildPhase;
			buildActionMask = 2147483647;
			files = (
				DFFAF71A1F03472D00AB4332 /* LaunchScreen.storyboard in Resources */,
				DFFAF7171F03472D00AB4332 /* Assets.xcassets in Resources */,
				DFFAF7151F03472D00AB4332 /* Main.storyboard in Resources */,
			);
			runOnlyForDeploymentPostprocessing = 0;
		};
/* End PBXResourcesBuildPhase section */

/* Begin PBXShellScriptBuildPhase section */
		3E11319FA74228571B8C3448 /* [CP] Copy Pods Resources */ = {
			isa = PBXShellScriptBuildPhase;
			buildActionMask = 2147483647;
			files = (
			);
			inputPaths = (
			);
			name = "[CP] Copy Pods Resources";
			outputPaths = (
			);
			runOnlyForDeploymentPostprocessing = 0;
			shellPath = /bin/sh;
			shellScript = "\"${SRCROOT}/Pods/Target Support Files/Pods-TFLive/Pods-TFLive-resources.sh\"\n";
			showEnvVarsInLog = 0;
		};
		69B5145990C7751B1E42081A /* [CP] Check Pods Manifest.lock */ = {
			isa = PBXShellScriptBuildPhase;
			buildActionMask = 2147483647;
			files = (
			);
			inputPaths = (
			);
			name = "[CP] Check Pods Manifest.lock";
			outputPaths = (
			);
			runOnlyForDeploymentPostprocessing = 0;
			shellPath = /bin/sh;
			shellScript = "diff \"${PODS_ROOT}/../Podfile.lock\" \"${PODS_ROOT}/Manifest.lock\" > /dev/null\nif [ $? != 0 ] ; then\n    # print error to STDERR\n    echo \"error: The sandbox is not in sync with the Podfile.lock. Run 'pod install' or update your CocoaPods installation.\" >&2\n    exit 1\nfi\n";
			showEnvVarsInLog = 0;
		};
		ED667FFE86A20633A7398023 /* [CP] Embed Pods Frameworks */ = {
			isa = PBXShellScriptBuildPhase;
			buildActionMask = 2147483647;
			files = (
			);
			inputPaths = (
			);
			name = "[CP] Embed Pods Frameworks";
			outputPaths = (
			);
			runOnlyForDeploymentPostprocessing = 0;
			shellPath = /bin/sh;
			shellScript = "\"${SRCROOT}/Pods/Target Support Files/Pods-TFLive/Pods-TFLive-frameworks.sh\"\n";
			showEnvVarsInLog = 0;
		};
/* End PBXShellScriptBuildPhase section */

/* Begin PBXSourcesBuildPhase section */
		DFFAF7031F03472D00AB4332 /* Sources */ = {
			isa = PBXSourcesBuildPhase;
			buildActionMask = 2147483647;
			files = (
				DFFAF7C01F034A0200AB4332 /* TFMoviePlayViewController.m in Sources */,
				DFFAF7121F03472D00AB4332 /* ViewController.m in Sources */,
				DFFAF7BD1F0348B700AB4332 /* TFLivePlayController.m in Sources */,
				DFFAF70F1F03472D00AB4332 /* AppDelegate.m in Sources */,
				DFFAF7C21F03578300AB4332 /* TFThreadConvience.m in Sources */,
				DFFAF70C1F03472D00AB4332 /* main.m in Sources */,
				DFFD53711F06434C0000AFAB /* TFDisplay.m in Sources */,
				DFFD536F1F0623830000AFAB /* TFFFplayer.m in Sources */,
				DFFD53751F064D960000AFAB /* TFDisplayView.m in Sources */,
			);
			runOnlyForDeploymentPostprocessing = 0;
		};
/* End PBXSourcesBuildPhase section */

/* Begin PBXVariantGroup section */
		DFFAF7131F03472D00AB4332 /* Main.storyboard */ = {
			isa = PBXVariantGroup;
			children = (
				DFFAF7141F03472D00AB4332 /* Base */,
			);
			name = Main.storyboard;
			sourceTree = "<group>";
		};
		DFFAF7181F03472D00AB4332 /* LaunchScreen.storyboard */ = {
			isa = PBXVariantGroup;
			children = (
				DFFAF7191F03472D00AB4332 /* Base */,
			);
			name = LaunchScreen.storyboard;
			sourceTree = "<group>";
		};
/* End PBXVariantGroup section */

/* Begin XCBuildConfiguration section */
		DFFAF71C1F03472D00AB4332 /* Debug */ = {
			isa = XCBuildConfiguration;
			buildSettings = {
				ALWAYS_SEARCH_USER_PATHS = NO;
				CLANG_ANALYZER_NONNULL = YES;
				CLANG_ANALYZER_NUMBER_OBJECT_CONVERSION = YES_AGGRESSIVE;
				CLANG_CXX_LANGUAGE_STANDARD = "gnu++0x";
				CLANG_CXX_LIBRARY = "libc++";
				CLANG_ENABLE_MODULES = YES;
				CLANG_ENABLE_OBJC_ARC = YES;
				CLANG_OPTIMIZATION_PROFILE_FILE = "";
				CLANG_WARN_BOOL_CONVERSION = YES;
				CLANG_WARN_CONSTANT_CONVERSION = YES;
				CLANG_WARN_DIRECT_OBJC_ISA_USAGE = YES_ERROR;
				CLANG_WARN_DOCUMENTATION_COMMENTS = YES;
				CLANG_WARN_EMPTY_BODY = YES;
				CLANG_WARN_ENUM_CONVERSION = YES;
				CLANG_WARN_INFINITE_RECURSION = YES;
				CLANG_WARN_INT_CONVERSION = YES;
				CLANG_WARN_OBJC_ROOT_CLASS = YES_ERROR;
				CLANG_WARN_SUSPICIOUS_MOVE = YES;
				CLANG_WARN_UNREACHABLE_CODE = YES;
				CLANG_WARN__DUPLICATE_METHOD_MATCH = YES;
				"CODE_SIGN_IDENTITY[sdk=iphoneos*]" = "iPhone Developer";
				COPY_PHASE_STRIP = NO;
				DEBUG_INFORMATION_FORMAT = dwarf;
				ENABLE_STRICT_OBJC_MSGSEND = YES;
				ENABLE_TESTABILITY = YES;
				GCC_C_LANGUAGE_STANDARD = gnu99;
				GCC_DYNAMIC_NO_PIC = NO;
				GCC_NO_COMMON_BLOCKS = YES;
				GCC_OPTIMIZATION_LEVEL = 0;
				GCC_PREPROCESSOR_DEFINITIONS = (
					"DEBUG=1",
					"$(inherited)",
				);
				GCC_WARN_64_TO_32_BIT_CONVERSION = YES;
				GCC_WARN_ABOUT_RETURN_TYPE = YES_ERROR;
				GCC_WARN_UNDECLARED_SELECTOR = YES;
				GCC_WARN_UNINITIALIZED_AUTOS = YES_AGGRESSIVE;
				GCC_WARN_UNUSED_FUNCTION = YES;
				GCC_WARN_UNUSED_VARIABLE = YES;
				IPHONEOS_DEPLOYMENT_TARGET = 10.3;
				MTL_ENABLE_DEBUG_INFO = YES;
				ONLY_ACTIVE_ARCH = YES;
				SDKROOT = iphoneos;
				TARGETED_DEVICE_FAMILY = "1,2";
			};
			name = Debug;
		};
		DFFAF71D1F03472D00AB4332 /* Release */ = {
			isa = XCBuildConfiguration;
			buildSettings = {
				ALWAYS_SEARCH_USER_PATHS = NO;
				CLANG_ANALYZER_NONNULL = YES;
				CLANG_ANALYZER_NUMBER_OBJECT_CONVERSION = YES_AGGRESSIVE;
				CLANG_CXX_LANGUAGE_STANDARD = "gnu++0x";
				CLANG_CXX_LIBRARY = "libc++";
				CLANG_ENABLE_MODULES = YES;
				CLANG_ENABLE_OBJC_ARC = YES;
				CLANG_OPTIMIZATION_PROFILE_FILE = "";
				CLANG_WARN_BOOL_CONVERSION = YES;
				CLANG_WARN_CONSTANT_CONVERSION = YES;
				CLANG_WARN_DIRECT_OBJC_ISA_USAGE = YES_ERROR;
				CLANG_WARN_DOCUMENTATION_COMMENTS = YES;
				CLANG_WARN_EMPTY_BODY = YES;
				CLANG_WARN_ENUM_CONVERSION = YES;
				CLANG_WARN_INFINITE_RECURSION = YES;
				CLANG_WARN_INT_CONVERSION = YES;
				CLANG_WARN_OBJC_ROOT_CLASS = YES_ERROR;
				CLANG_WARN_SUSPICIOUS_MOVE = YES;
				CLANG_WARN_UNREACHABLE_CODE = YES;
				CLANG_WARN__DUPLICATE_METHOD_MATCH = YES;
				"CODE_SIGN_IDENTITY[sdk=iphoneos*]" = "iPhone Developer";
				COPY_PHASE_STRIP = NO;
				DEBUG_INFORMATION_FORMAT = "dwarf-with-dsym";
				ENABLE_NS_ASSERTIONS = NO;
				ENABLE_STRICT_OBJC_MSGSEND = YES;
				GCC_C_LANGUAGE_STANDARD = gnu99;
				GCC_NO_COMMON_BLOCKS = YES;
				GCC_OPTIMIZATION_LEVEL = 0;
				GCC_WARN_64_TO_32_BIT_CONVERSION = YES;
				GCC_WARN_ABOUT_RETURN_TYPE = YES_ERROR;
				GCC_WARN_UNDECLARED_SELECTOR = YES;
				GCC_WARN_UNINITIALIZED_AUTOS = YES_AGGRESSIVE;
				GCC_WARN_UNUSED_FUNCTION = YES;
				GCC_WARN_UNUSED_VARIABLE = YES;
				IPHONEOS_DEPLOYMENT_TARGET = 10.3;
				MTL_ENABLE_DEBUG_INFO = NO;
				SDKROOT = iphoneos;
				TARGETED_DEVICE_FAMILY = "1,2";
				VALIDATE_PRODUCT = YES;
			};
			name = Release;
		};
		DFFAF71F1F03472D00AB4332 /* Debug */ = {
			isa = XCBuildConfiguration;
			baseConfigurationReference = 2998CA05DAD1491D81A81BF1 /* Pods-TFLive.debug.xcconfig */;
			buildSettings = {
				ASSETCATALOG_COMPILER_APPICON_NAME = AppIcon;
				CLANG_OPTIMIZATION_PROFILE_FILE = "";
				DEVELOPMENT_TEAM = UML9BQURX9;
				HEADER_SEARCH_PATHS = (
					"$(inherited)",
					"$(SRCROOT)/../ffmpeg_libs/include/**",
					"\"${PODS_ROOT}/Headers/Public\"",
					"\"${PODS_ROOT}/Headers/Public/AFNetworking\"",
				);
				INFOPLIST_FILE = TFLive/Info.plist;
				LD_RUNPATH_SEARCH_PATHS = "$(inherited) @executable_path/Frameworks";
				LIBRARY_SEARCH_PATHS = (
					"$(inherited)",
					"$(SRCROOT)/../ffmpeg_libs/lib",
				);
				PRODUCT_BUNDLE_IDENTIFIER = weishi.TFLive;
				PRODUCT_NAME = "$(TARGET_NAME)";
			};
			name = Debug;
		};
		DFFAF7201F03472D00AB4332 /* Release */ = {
			isa = XCBuildConfiguration;
			baseConfigurationReference = 5EBCE0E22FA1B591A0A86F26 /* Pods-TFLive.release.xcconfig */;
			buildSettings = {
				ASSETCATALOG_COMPILER_APPICON_NAME = AppIcon;
				CLANG_OPTIMIZATION_PROFILE_FILE = "";
				DEVELOPMENT_TEAM = UML9BQURX9;
				GCC_OPTIMIZATION_LEVEL = 0;
				HEADER_SEARCH_PATHS = (
					"$(inherited)",
					"$(SRCROOT)/../ffmpeg_libs/include/**",
					"\"${PODS_ROOT}/Headers/Public\"",
					"\"${PODS_ROOT}/Headers/Public/AFNetworking\"",
				);
				INFOPLIST_FILE = TFLive/Info.plist;
				LD_RUNPATH_SEARCH_PATHS = "$(inherited) @executable_path/Frameworks";
				LIBRARY_SEARCH_PATHS = (
					"$(inherited)",
					"$(SRCROOT)/../ffmpeg_libs/lib",
				);
				PRODUCT_BUNDLE_IDENTIFIER = weishi.TFLive;
				PRODUCT_NAME = "$(TARGET_NAME)";
			};
			name = Release;
		};
/* End XCBuildConfiguration section */

/* Begin XCConfigurationList section */
		DFFAF7021F03472D00AB4332 /* Build configuration list for PBXProject "TFLive" */ = {
			isa = XCConfigurationList;
			buildConfigurations = (
				DFFAF71C1F03472D00AB4332 /* Debug */,
				DFFAF71D1F03472D00AB4332 /* Release */,
			);
			defaultConfigurationIsVisible = 0;
			defaultConfigurationName = Release;
		};
		DFFAF71E1F03472D00AB4332 /* Build configuration list for PBXNativeTarget "TFLive" */ = {
			isa = XCConfigurationList;
			buildConfigurations = (
				DFFAF71F1F03472D00AB4332 /* Debug */,
				DFFAF7201F03472D00AB4332 /* Release */,
			);
			defaultConfigurationIsVisible = 0;
			defaultConfigurationName = Release;
		};
/* End XCConfigurationList section */
	};
	rootObject = DFFAF6FF1F03472D00AB4332 /* Project object */;
}
